
Microsoft Visual Studio Solution File, Format Version 12.00
# Visual Studio Version 17
VisualStudioVersion = 17.0.32014.148
MinimumVisualStudioVersion = 10.0.40219.1
Project("{9A19103F-16F7-4668-BE54-9A1E7A4F7556}") = "CoreLayer", "CoreLayer\CoreLayer.csproj", "{5761CC2E-7963-413B-9A52-48073310078C}"
EndProject
Project("{9A19103F-16F7-4668-BE54-9A1E7A4F7556}") = "BusinessLogicLayer", "EF_Layer\BusinessLogicLayer.csproj", "{65265FBF-2539-4493-9C7D-B6B5109F55B7}"
EndProject
Project("{9A19103F-16F7-4668-BE54-9A1E7A4F7556}") = "MVC_Layer", "MVC_Layer\MVC_Layer.csproj", "{B777618E-88EA-4AFA-8CBB-240CB4490224}"
EndProject
Global
	GlobalSection(SolutionConfigurationPlatforms) = preSolution
		Debug|Any CPU = Debug|Any CPU
		Release|Any CPU = Release|Any CPU
	EndGlobalSection
	GlobalSection(ProjectConfigurationPlatforms) = postSolution
		{5761CC2E-7963-413B-9A52-48073310078C}.Debug|Any CPU.ActiveCfg = Debug|Any CPU
		{5761CC2E-7963-413B-9A52-48073310078C}.Debug|Any CPU.Build.0 = Debug|Any CPU
		{5761CC2E-7963-413B-9A52-48073310078C}.Release|Any CPU.ActiveCfg = Release|Any CPU
		{5761CC2E-7963-413B-9A52-48073310078C}.Release|Any CPU.Build.0 = Release|Any CPU
		{65265FBF-2539-4493-9C7D-B6B5109F55B7}.Debug|Any CPU.ActiveCfg = Debug|Any CPU
		{65265FBF-2539-4493-9C7D-B6B5109F55B7}.Debug|Any CPU.Build.0 = Debug|Any CPU
		{65265FBF-2539-4493-9C7D-B6B5109F55B7}.Release|Any CPU.ActiveCfg = Release|Any CPU
		{65265FBF-2539-4493-9C7D-B6B5109F55B7}.Release|Any CPU.Build.0 = Release|Any CPU
		{B777618E-88EA-4AFA-8CBB-240CB4490224}.Debug|Any CPU.ActiveCfg = Debug|Any CPU
		{B777618E-88EA-4AFA-8CBB-240CB4490224}.Debug|Any CPU.Build.0 = Debug|Any CPU
		{B777618E-88EA-4AFA-8CBB-240CB4490224}.Release|Any CPU.ActiveCfg = Release|Any CPU
		{B777618E-88EA-4AFA-8CBB-240CB4490224}.Release|Any CPU.Build.0 = Release|Any CPU
	EndGlobalSection
	GlobalSection(SolutionProperties) = preSolution
		HideSolutionNode = FALSE
	EndGlobalSection
	GlobalSection(ExtensibilityGlobals) = postSolution
		SolutionGuid = {5C683741-5398-4641-9CA3-4122A195B6CE}
	EndGlobalSection
EndGlobal
